// !$*UTF8*$!
{
	archiveVersion = 1;
	classes = {
	};
	objectVersion = 52;
	objects = {

/* Begin PBXBuildFile section */
		6A18892B26A968E9004EFC2C /* TimeRange.swift in Sources */ = {isa = PBXBuildFile; fileRef = 6A18892A26A968E9004EFC2C /* TimeRange.swift */; };
		6A18892C26A968E9004EFC2C /* TimeRange.swift in Sources */ = {isa = PBXBuildFile; fileRef = 6A18892A26A968E9004EFC2C /* TimeRange.swift */; };
		6A18892E26A96B3A004EFC2C /* Stats.swift in Sources */ = {isa = PBXBuildFile; fileRef = 6A18892D26A96B3A004EFC2C /* Stats.swift */; };
		6A18892F26A96B3A004EFC2C /* Stats.swift in Sources */ = {isa = PBXBuildFile; fileRef = 6A18892D26A96B3A004EFC2C /* Stats.swift */; };
		6A18893126A96CBA004EFC2C /* StatsName.swift in Sources */ = {isa = PBXBuildFile; fileRef = 6A18893026A96CBA004EFC2C /* StatsName.swift */; };
		6A18893226A96CBA004EFC2C /* StatsName.swift in Sources */ = {isa = PBXBuildFile; fileRef = 6A18893026A96CBA004EFC2C /* StatsName.swift */; };
		6A18893426A96D41004EFC2C /* DateExtension.swift in Sources */ = {isa = PBXBuildFile; fileRef = 6A18893326A96D41004EFC2C /* DateExtension.swift */; };
		6A18893526A96D41004EFC2C /* DateExtension.swift in Sources */ = {isa = PBXBuildFile; fileRef = 6A18893326A96D41004EFC2C /* DateExtension.swift */; };
		6A18893726A96EA3004EFC2C /* Chart.swift in Sources */ = {isa = PBXBuildFile; fileRef = 6A18893626A96EA3004EFC2C /* Chart.swift */; };
		6A18893826A96EA3004EFC2C /* Chart.swift in Sources */ = {isa = PBXBuildFile; fileRef = 6A18893626A96EA3004EFC2C /* Chart.swift */; };
		6A958AA226A82699009717F7 /* DigiAnalyticsApp.swift in Sources */ = {isa = PBXBuildFile; fileRef = 6A958A8F26A82696009717F7 /* DigiAnalyticsApp.swift */; };
		6A958AA326A82699009717F7 /* DigiAnalyticsApp.swift in Sources */ = {isa = PBXBuildFile; fileRef = 6A958A8F26A82696009717F7 /* DigiAnalyticsApp.swift */; };
		6A958AA626A82699009717F7 /* Assets.xcassets in Resources */ = {isa = PBXBuildFile; fileRef = 6A958A9126A82698009717F7 /* Assets.xcassets */; };
		6A958AA726A82699009717F7 /* Assets.xcassets in Resources */ = {isa = PBXBuildFile; fileRef = 6A958A9126A82698009717F7 /* Assets.xcassets */; };
		6A958AB226A8272B009717F7 /* APIRequest in Frameworks */ = {isa = PBXBuildFile; productRef = 6A958AB126A8272B009717F7 /* APIRequest */; };
		6A958AB826A8277D009717F7 /* Keychain in Frameworks */ = {isa = PBXBuildFile; productRef = 6A958AB726A8277D009717F7 /* Keychain */; };
		6A958ABB26A827CA009717F7 /* SwiftUICharts in Frameworks */ = {isa = PBXBuildFile; productRef = 6A958ABA26A827CA009717F7 /* SwiftUICharts */; };
		6A958ABE26A827DD009717F7 /* APIRequest in Frameworks */ = {isa = PBXBuildFile; productRef = 6A958ABD26A827DD009717F7 /* APIRequest */; };
		6A958AC226A827DD009717F7 /* Keychain in Frameworks */ = {isa = PBXBuildFile; productRef = 6A958AC126A827DD009717F7 /* Keychain */; };
		6A958AC426A827DD009717F7 /* SwiftUICharts in Frameworks */ = {isa = PBXBuildFile; productRef = 6A958AC326A827DD009717F7 /* SwiftUICharts */; };
		6A958AC726A82887009717F7 /* WebsiteListView.swift in Sources */ = {isa = PBXBuildFile; fileRef = 6A958AC626A82887009717F7 /* WebsiteListView.swift */; };
		6A958AC926A8289B009717F7 /* WebsiteChartsView.swift in Sources */ = {isa = PBXBuildFile; fileRef = 6A958AC826A8289B009717F7 /* WebsiteChartsView.swift */; };
		6A958ACB26A828D0009717F7 /* APIKeyView.swift in Sources */ = {isa = PBXBuildFile; fileRef = 6A958ACA26A828D0009717F7 /* APIKeyView.swift */; };
		6A958ACC26A8292A009717F7 /* APIKeyView.swift in Sources */ = {isa = PBXBuildFile; fileRef = 6A958ACA26A828D0009717F7 /* APIKeyView.swift */; };
		6A958ACD26A8292A009717F7 /* WebsiteListView.swift in Sources */ = {isa = PBXBuildFile; fileRef = 6A958AC626A82887009717F7 /* WebsiteListView.swift */; };
		6A958ACE26A8292A009717F7 /* WebsiteChartsView.swift in Sources */ = {isa = PBXBuildFile; fileRef = 6A958AC826A8289B009717F7 /* WebsiteChartsView.swift */; };
		6A958AD126A82975009717F7 /* KeychainExtension.swift in Sources */ = {isa = PBXBuildFile; fileRef = 6A958AD026A82975009717F7 /* KeychainExtension.swift */; };
		6A958AD226A829B7009717F7 /* KeychainExtension.swift in Sources */ = {isa = PBXBuildFile; fileRef = 6A958AD026A82975009717F7 /* KeychainExtension.swift */; };
		6A958AD426A829DA009717F7 /* EnvironmentValuesExtension.swift in Sources */ = {isa = PBXBuildFile; fileRef = 6A958AD326A829DA009717F7 /* EnvironmentValuesExtension.swift */; };
		6A958AD526A829DE009717F7 /* EnvironmentValuesExtension.swift in Sources */ = {isa = PBXBuildFile; fileRef = 6A958AD326A829DA009717F7 /* EnvironmentValuesExtension.swift */; };
		6A958ADB26A82CE1009717F7 /* Website.swift in Sources */ = {isa = PBXBuildFile; fileRef = 6A958ADA26A82CE1009717F7 /* Website.swift */; };
		6A958ADC26A82CE1009717F7 /* Website.swift in Sources */ = {isa = PBXBuildFile; fileRef = 6A958ADA26A82CE1009717F7 /* Website.swift */; };
		6A958ADE26A82D77009717F7 /* APIResponse.swift in Sources */ = {isa = PBXBuildFile; fileRef = 6A958ADD26A82D77009717F7 /* APIResponse.swift */; };
		6A958ADF26A82D77009717F7 /* APIResponse.swift in Sources */ = {isa = PBXBuildFile; fileRef = 6A958ADD26A82D77009717F7 /* APIResponse.swift */; };
		6A958AE126A82DCE009717F7 /* APIMeta.swift in Sources */ = {isa = PBXBuildFile; fileRef = 6A958AE026A82DCE009717F7 /* APIMeta.swift */; };
		6A958AE226A82DCE009717F7 /* APIMeta.swift in Sources */ = {isa = PBXBuildFile; fileRef = 6A958AE026A82DCE009717F7 /* APIMeta.swift */; };
		6A958AE426A82E39009717F7 /* API.swift in Sources */ = {isa = PBXBuildFile; fileRef = 6A958AE326A82E39009717F7 /* API.swift */; };
		6A958AE526A82E39009717F7 /* API.swift in Sources */ = {isa = PBXBuildFile; fileRef = 6A958AE326A82E39009717F7 /* API.swift */; };
		6A958AE726A83D65009717F7 /* Account.swift in Sources */ = {isa = PBXBuildFile; fileRef = 6A958AE626A83D65009717F7 /* Account.swift */; };
		6A958AE826A83D65009717F7 /* Account.swift in Sources */ = {isa = PBXBuildFile; fileRef = 6A958AE626A83D65009717F7 /* Account.swift */; };
		6A958AEA26A83DF3009717F7 /* AccountLoadingView.swift in Sources */ = {isa = PBXBuildFile; fileRef = 6A958AE926A83DF3009717F7 /* AccountLoadingView.swift */; };
		6A958AEB26A83DF3009717F7 /* AccountLoadingView.swift in Sources */ = {isa = PBXBuildFile; fileRef = 6A958AE926A83DF3009717F7 /* AccountLoadingView.swift */; };
		6A958AED26A83E28009717F7 /* UserDefaultsExtension.swift in Sources */ = {isa = PBXBuildFile; fileRef = 6A958AEC26A83E28009717F7 /* UserDefaultsExtension.swift */; };
		6A958AEE26A83E28009717F7 /* UserDefaultsExtension.swift in Sources */ = {isa = PBXBuildFile; fileRef = 6A958AEC26A83E28009717F7 /* UserDefaultsExtension.swift */; };
/* End PBXBuildFile section */

/* Begin PBXFileReference section */
		6A18892A26A968E9004EFC2C /* TimeRange.swift */ = {isa = PBXFileReference; lastKnownFileType = sourcecode.swift; path = TimeRange.swift; sourceTree = "<group>"; };
		6A18892D26A96B3A004EFC2C /* Stats.swift */ = {isa = PBXFileReference; lastKnownFileType = sourcecode.swift; path = Stats.swift; sourceTree = "<group>"; };
		6A18893026A96CBA004EFC2C /* StatsName.swift */ = {isa = PBXFileReference; lastKnownFileType = sourcecode.swift; path = StatsName.swift; sourceTree = "<group>"; };
		6A18893326A96D41004EFC2C /* DateExtension.swift */ = {isa = PBXFileReference; lastKnownFileType = sourcecode.swift; path = DateExtension.swift; sourceTree = "<group>"; };
		6A18893626A96EA3004EFC2C /* Chart.swift */ = {isa = PBXFileReference; lastKnownFileType = sourcecode.swift; path = Chart.swift; sourceTree = "<group>"; };
		6A958A8F26A82696009717F7 /* DigiAnalyticsApp.swift */ = {isa = PBXFileReference; lastKnownFileType = sourcecode.swift; path = DigiAnalyticsApp.swift; sourceTree = "<group>"; };
		6A958A9126A82698009717F7 /* Assets.xcassets */ = {isa = PBXFileReference; lastKnownFileType = folder.assetcatalog; path = Assets.xcassets; sourceTree = "<group>"; };
		6A958A9626A82699009717F7 /* DigiAnalytics.app */ = {isa = PBXFileReference; explicitFileType = wrapper.application; includeInIndex = 0; path = DigiAnalytics.app; sourceTree = BUILT_PRODUCTS_DIR; };
		6A958A9926A82699009717F7 /* Info.plist */ = {isa = PBXFileReference; lastKnownFileType = text.plist.xml; path = Info.plist; sourceTree = "<group>"; };
		6A958A9E26A82699009717F7 /* DigiAnalytics.app */ = {isa = PBXFileReference; explicitFileType = wrapper.application; includeInIndex = 0; path = DigiAnalytics.app; sourceTree = BUILT_PRODUCTS_DIR; };
		6A958AA026A82699009717F7 /* Info.plist */ = {isa = PBXFileReference; lastKnownFileType = text.plist.xml; path = Info.plist; sourceTree = "<group>"; };
		6A958AA126A82699009717F7 /* macOS.entitlements */ = {isa = PBXFileReference; lastKnownFileType = text.plist.entitlements; path = macOS.entitlements; sourceTree = "<group>"; };
		6A958AC626A82887009717F7 /* WebsiteListView.swift */ = {isa = PBXFileReference; lastKnownFileType = sourcecode.swift; path = WebsiteListView.swift; sourceTree = "<group>"; };
		6A958AC826A8289B009717F7 /* WebsiteChartsView.swift */ = {isa = PBXFileReference; lastKnownFileType = sourcecode.swift; path = WebsiteChartsView.swift; sourceTree = "<group>"; };
		6A958ACA26A828D0009717F7 /* APIKeyView.swift */ = {isa = PBXFileReference; lastKnownFileType = sourcecode.swift; path = APIKeyView.swift; sourceTree = "<group>"; };
		6A958AD026A82975009717F7 /* KeychainExtension.swift */ = {isa = PBXFileReference; lastKnownFileType = sourcecode.swift; path = KeychainExtension.swift; sourceTree = "<group>"; };
		6A958AD326A829DA009717F7 /* EnvironmentValuesExtension.swift */ = {isa = PBXFileReference; lastKnownFileType = sourcecode.swift; path = EnvironmentValuesExtension.swift; sourceTree = "<group>"; };
		6A958ADA26A82CE1009717F7 /* Website.swift */ = {isa = PBXFileReference; lastKnownFileType = sourcecode.swift; path = Website.swift; sourceTree = "<group>"; };
		6A958ADD26A82D77009717F7 /* APIResponse.swift */ = {isa = PBXFileReference; lastKnownFileType = sourcecode.swift; path = APIResponse.swift; sourceTree = "<group>"; };
		6A958AE026A82DCE009717F7 /* APIMeta.swift */ = {isa = PBXFileReference; lastKnownFileType = sourcecode.swift; path = APIMeta.swift; sourceTree = "<group>"; };
		6A958AE326A82E39009717F7 /* API.swift */ = {isa = PBXFileReference; lastKnownFileType = sourcecode.swift; path = API.swift; sourceTree = "<group>"; };
		6A958AE626A83D65009717F7 /* Account.swift */ = {isa = PBXFileReference; lastKnownFileType = sourcecode.swift; path = Account.swift; sourceTree = "<group>"; };
		6A958AE926A83DF3009717F7 /* AccountLoadingView.swift */ = {isa = PBXFileReference; lastKnownFileType = sourcecode.swift; path = AccountLoadingView.swift; sourceTree = "<group>"; };
		6A958AEC26A83E28009717F7 /* UserDefaultsExtension.swift */ = {isa = PBXFileReference; lastKnownFileType = sourcecode.swift; path = UserDefaultsExtension.swift; sourceTree = "<group>"; };
/* End PBXFileReference section */

/* Begin PBXFrameworksBuildPhase section */
		6A958A9326A82698009717F7 /* Frameworks */ = {
			isa = PBXFrameworksBuildPhase;
			buildActionMask = 2147483647;
			files = (
				6A958ABB26A827CA009717F7 /* SwiftUICharts in Frameworks */,
				6A958AB826A8277D009717F7 /* Keychain in Frameworks */,
				6A958AB226A8272B009717F7 /* APIRequest in Frameworks */,
			);
			runOnlyForDeploymentPostprocessing = 0;
		};
		6A958A9B26A82699009717F7 /* Frameworks */ = {
			isa = PBXFrameworksBuildPhase;
			buildActionMask = 2147483647;
			files = (
				6A958AC426A827DD009717F7 /* SwiftUICharts in Frameworks */,
				6A958AC226A827DD009717F7 /* Keychain in Frameworks */,
				6A958ABE26A827DD009717F7 /* APIRequest in Frameworks */,
			);
			runOnlyForDeploymentPostprocessing = 0;
		};
/* End PBXFrameworksBuildPhase section */

/* Begin PBXGroup section */
		6A958A8926A82695009717F7 = {
			isa = PBXGroup;
			children = (
				6A958A8E26A82696009717F7 /* Shared */,
				6A958A9826A82699009717F7 /* iOS */,
				6A958A9F26A82699009717F7 /* macOS */,
				6A958A9726A82699009717F7 /* Products */,
				6A958ABC26A827DD009717F7 /* Frameworks */,
			);
			sourceTree = "<group>";
		};
		6A958A8E26A82696009717F7 /* Shared */ = {
			isa = PBXGroup;
			children = (
				6A958ACF26A82967009717F7 /* Extensions */,
				6A958AD926A82CAC009717F7 /* Models */,
				6A958AC526A827F9009717F7 /* Views */,
				6A958A8F26A82696009717F7 /* DigiAnalyticsApp.swift */,
				6A958A9126A82698009717F7 /* Assets.xcassets */,
			);
			path = Shared;
			sourceTree = "<group>";
		};
		6A958A9726A82699009717F7 /* Products */ = {
			isa = PBXGroup;
			children = (
				6A958A9626A82699009717F7 /* DigiAnalytics.app */,
				6A958A9E26A82699009717F7 /* DigiAnalytics.app */,
			);
			name = Products;
			sourceTree = "<group>";
		};
		6A958A9826A82699009717F7 /* iOS */ = {
			isa = PBXGroup;
			children = (
				6A958A9926A82699009717F7 /* Info.plist */,
			);
			path = iOS;
			sourceTree = "<group>";
		};
		6A958A9F26A82699009717F7 /* macOS */ = {
			isa = PBXGroup;
			children = (
				6A958AA026A82699009717F7 /* Info.plist */,
				6A958AA126A82699009717F7 /* macOS.entitlements */,
			);
			path = macOS;
			sourceTree = "<group>";
		};
		6A958ABC26A827DD009717F7 /* Frameworks */ = {
			isa = PBXGroup;
			children = (
			);
			name = Frameworks;
			sourceTree = "<group>";
		};
		6A958AC526A827F9009717F7 /* Views */ = {
			isa = PBXGroup;
			children = (
				6A958AE926A83DF3009717F7 /* AccountLoadingView.swift */,
				6A958ACA26A828D0009717F7 /* APIKeyView.swift */,
				6A958AC826A8289B009717F7 /* WebsiteChartsView.swift */,
				6A958AC626A82887009717F7 /* WebsiteListView.swift */,
			);
			path = Views;
			sourceTree = "<group>";
		};
		6A958ACF26A82967009717F7 /* Extensions */ = {
			isa = PBXGroup;
			children = (
				6A958AD326A829DA009717F7 /* EnvironmentValuesExtension.swift */,
				6A958AD026A82975009717F7 /* KeychainExtension.swift */,
				6A958AEC26A83E28009717F7 /* UserDefaultsExtension.swift */,
				6A18893326A96D41004EFC2C /* DateExtension.swift */,
			);
			path = Extensions;
			sourceTree = "<group>";
		};
		6A958AD926A82CAC009717F7 /* Models */ = {
			isa = PBXGroup;
			children = (
				6A958AE326A82E39009717F7 /* API.swift */,
				6A958AE026A82DCE009717F7 /* APIMeta.swift */,
				6A958ADD26A82D77009717F7 /* APIResponse.swift */,
				6A958AE626A83D65009717F7 /* Account.swift */,
				6A958ADA26A82CE1009717F7 /* Website.swift */,
				6A18892A26A968E9004EFC2C /* TimeRange.swift */,
				6A18892D26A96B3A004EFC2C /* Stats.swift */,
				6A18893026A96CBA004EFC2C /* StatsName.swift */,
				6A18893626A96EA3004EFC2C /* Chart.swift */,
			);
			path = Models;
			sourceTree = "<group>";
		};
/* End PBXGroup section */

/* Begin PBXNativeTarget section */
		6A958A9526A82698009717F7 /* DigiAnalytics (iOS) */ = {
			isa = PBXNativeTarget;
			buildConfigurationList = 6A958AAA26A82699009717F7 /* Build configuration list for PBXNativeTarget "DigiAnalytics (iOS)" */;
			buildPhases = (
				6A958A9226A82698009717F7 /* Sources */,
				6A958A9326A82698009717F7 /* Frameworks */,
				6A958A9426A82698009717F7 /* Resources */,
			);
			buildRules = (
			);
			dependencies = (
			);
			name = "DigiAnalytics (iOS)";
			packageProductDependencies = (
				6A958AB126A8272B009717F7 /* APIRequest */,
				6A958AB726A8277D009717F7 /* Keychain */,
				6A958ABA26A827CA009717F7 /* SwiftUICharts */,
			);
			productName = "DigiAnalytics (iOS)";
			productReference = 6A958A9626A82699009717F7 /* DigiAnalytics.app */;
			productType = "com.apple.product-type.application";
		};
		6A958A9D26A82699009717F7 /* DigiAnalytics (macOS) */ = {
			isa = PBXNativeTarget;
			buildConfigurationList = 6A958AAD26A82699009717F7 /* Build configuration list for PBXNativeTarget "DigiAnalytics (macOS)" */;
			buildPhases = (
				6A958A9A26A82699009717F7 /* Sources */,
				6A958A9B26A82699009717F7 /* Frameworks */,
				6A958A9C26A82699009717F7 /* Resources */,
			);
			buildRules = (
			);
			dependencies = (
			);
			name = "DigiAnalytics (macOS)";
			packageProductDependencies = (
				6A958ABD26A827DD009717F7 /* APIRequest */,
				6A958AC126A827DD009717F7 /* Keychain */,
				6A958AC326A827DD009717F7 /* SwiftUICharts */,
			);
			productName = "DigiAnalytics (macOS)";
			productReference = 6A958A9E26A82699009717F7 /* DigiAnalytics.app */;
			productType = "com.apple.product-type.application";
		};
/* End PBXNativeTarget section */

/* Begin PBXProject section */
		6A958A8A26A82695009717F7 /* Project object */ = {
			isa = PBXProject;
			attributes = {
				LastSwiftUpdateCheck = 1250;
				LastUpgradeCheck = 1250;
				TargetAttributes = {
					6A958A9526A82698009717F7 = {
						CreatedOnToolsVersion = 12.5.1;
					};
					6A958A9D26A82699009717F7 = {
						CreatedOnToolsVersion = 12.5.1;
					};
				};
			};
			buildConfigurationList = 6A958A8D26A82695009717F7 /* Build configuration list for PBXProject "DigiAnalytics" */;
			compatibilityVersion = "Xcode 9.3";
			developmentRegion = en;
			hasScannedForEncodings = 0;
			knownRegions = (
				en,
				Base,
			);
			mainGroup = 6A958A8926A82695009717F7;
			packageReferences = (
				6A958AB026A8272B009717F7 /* XCRemoteSwiftPackageReference "APIRequest.swift" */,
				6A958AB626A8277D009717F7 /* XCRemoteSwiftPackageReference "Keychain.swift" */,
				6A958AB926A827CA009717F7 /* XCRemoteSwiftPackageReference "ChartView" */,
			);
			productRefGroup = 6A958A9726A82699009717F7 /* Products */;
			projectDirPath = "";
			projectRoot = "";
			targets = (
				6A958A9526A82698009717F7 /* DigiAnalytics (iOS) */,
				6A958A9D26A82699009717F7 /* DigiAnalytics (macOS) */,
			);
		};
/* End PBXProject section */

/* Begin PBXResourcesBuildPhase section */
		6A958A9426A82698009717F7 /* Resources */ = {
			isa = PBXResourcesBuildPhase;
			buildActionMask = 2147483647;
			files = (
				6A958AA626A82699009717F7 /* Assets.xcassets in Resources */,
			);
			runOnlyForDeploymentPostprocessing = 0;
		};
		6A958A9C26A82699009717F7 /* Resources */ = {
			isa = PBXResourcesBuildPhase;
			buildActionMask = 2147483647;
			files = (
				6A958AA726A82699009717F7 /* Assets.xcassets in Resources */,
			);
			runOnlyForDeploymentPostprocessing = 0;
		};
/* End PBXResourcesBuildPhase section */

/* Begin PBXSourcesBuildPhase section */
		6A958A9226A82698009717F7 /* Sources */ = {
			isa = PBXSourcesBuildPhase;
			buildActionMask = 2147483647;
			files = (
				6A958AE126A82DCE009717F7 /* APIMeta.swift in Sources */,
				6A18893426A96D41004EFC2C /* DateExtension.swift in Sources */,
				6A18892E26A96B3A004EFC2C /* Stats.swift in Sources */,
				6A958AE726A83D65009717F7 /* Account.swift in Sources */,
				6A958AD426A829DA009717F7 /* EnvironmentValuesExtension.swift in Sources */,
				6A958AC726A82887009717F7 /* WebsiteListView.swift in Sources */,
				6A958ADB26A82CE1009717F7 /* Website.swift in Sources */,
				6A958AEA26A83DF3009717F7 /* AccountLoadingView.swift in Sources */,
				6A958AE426A82E39009717F7 /* API.swift in Sources */,
				6A958AD126A82975009717F7 /* KeychainExtension.swift in Sources */,
				6A18892B26A968E9004EFC2C /* TimeRange.swift in Sources */,
				6A18893126A96CBA004EFC2C /* StatsName.swift in Sources */,
				6A958ACB26A828D0009717F7 /* APIKeyView.swift in Sources */,
				6A958ADE26A82D77009717F7 /* APIResponse.swift in Sources */,
				6A18893726A96EA3004EFC2C /* Chart.swift in Sources */,
				6A958AA226A82699009717F7 /* DigiAnalyticsApp.swift in Sources */,
				6A958AC926A8289B009717F7 /* WebsiteChartsView.swift in Sources */,
				6A958AED26A83E28009717F7 /* UserDefaultsExtension.swift in Sources */,
			);
			runOnlyForDeploymentPostprocessing = 0;
		};
		6A958A9A26A82699009717F7 /* Sources */ = {
			isa = PBXSourcesBuildPhase;
			buildActionMask = 2147483647;
			files = (
				6A958AE226A82DCE009717F7 /* APIMeta.swift in Sources */,
				6A18893526A96D41004EFC2C /* DateExtension.swift in Sources */,
				6A18892F26A96B3A004EFC2C /* Stats.swift in Sources */,
				6A958AE826A83D65009717F7 /* Account.swift in Sources */,
				6A958AD526A829DE009717F7 /* EnvironmentValuesExtension.swift in Sources */,
				6A958AA326A82699009717F7 /* DigiAnalyticsApp.swift in Sources */,
				6A958ADC26A82CE1009717F7 /* Website.swift in Sources */,
				6A958AEB26A83DF3009717F7 /* AccountLoadingView.swift in Sources */,
				6A958AE526A82E39009717F7 /* API.swift in Sources */,
				6A958AD226A829B7009717F7 /* KeychainExtension.swift in Sources */,
				6A18892C26A968E9004EFC2C /* TimeRange.swift in Sources */,
				6A18893226A96CBA004EFC2C /* StatsName.swift in Sources */,
				6A958ACE26A8292A009717F7 /* WebsiteChartsView.swift in Sources */,
				6A958ADF26A82D77009717F7 /* APIResponse.swift in Sources */,
				6A18893826A96EA3004EFC2C /* Chart.swift in Sources */,
				6A958ACD26A8292A009717F7 /* WebsiteListView.swift in Sources */,
				6A958ACC26A8292A009717F7 /* APIKeyView.swift in Sources */,
				6A958AEE26A83E28009717F7 /* UserDefaultsExtension.swift in Sources */,
			);
			runOnlyForDeploymentPostprocessing = 0;
		};
/* End PBXSourcesBuildPhase section */

/* Begin XCBuildConfiguration section */
		6A958AA826A82699009717F7 /* Debug */ = {
			isa = XCBuildConfiguration;
			buildSettings = {
				ALWAYS_SEARCH_USER_PATHS = NO;
				CLANG_ANALYZER_NONNULL = YES;
				CLANG_ANALYZER_NUMBER_OBJECT_CONVERSION = YES_AGGRESSIVE;
				CLANG_CXX_LANGUAGE_STANDARD = "gnu++14";
				CLANG_CXX_LIBRARY = "libc++";
				CLANG_ENABLE_MODULES = YES;
				CLANG_ENABLE_OBJC_ARC = YES;
				CLANG_ENABLE_OBJC_WEAK = YES;
				CLANG_WARN_BLOCK_CAPTURE_AUTORELEASING = YES;
				CLANG_WARN_BOOL_CONVERSION = YES;
				CLANG_WARN_COMMA = YES;
				CLANG_WARN_CONSTANT_CONVERSION = YES;
				CLANG_WARN_DEPRECATED_OBJC_IMPLEMENTATIONS = YES;
				CLANG_WARN_DIRECT_OBJC_ISA_USAGE = YES_ERROR;
				CLANG_WARN_DOCUMENTATION_COMMENTS = YES;
				CLANG_WARN_EMPTY_BODY = YES;
				CLANG_WARN_ENUM_CONVERSION = YES;
				CLANG_WARN_INFINITE_RECURSION = YES;
				CLANG_WARN_INT_CONVERSION = YES;
				CLANG_WARN_NON_LITERAL_NULL_CONVERSION = YES;
				CLANG_WARN_OBJC_IMPLICIT_RETAIN_SELF = YES;
				CLANG_WARN_OBJC_LITERAL_CONVERSION = YES;
				CLANG_WARN_OBJC_ROOT_CLASS = YES_ERROR;
				CLANG_WARN_QUOTED_INCLUDE_IN_FRAMEWORK_HEADER = YES;
				CLANG_WARN_RANGE_LOOP_ANALYSIS = YES;
				CLANG_WARN_STRICT_PROTOTYPES = YES;
				CLANG_WARN_SUSPICIOUS_MOVE = YES;
				CLANG_WARN_UNGUARDED_AVAILABILITY = YES_AGGRESSIVE;
				CLANG_WARN_UNREACHABLE_CODE = YES;
				CLANG_WARN__DUPLICATE_METHOD_MATCH = YES;
				COPY_PHASE_STRIP = NO;
				DEBUG_INFORMATION_FORMAT = dwarf;
				ENABLE_STRICT_OBJC_MSGSEND = YES;
				ENABLE_TESTABILITY = YES;
				GCC_C_LANGUAGE_STANDARD = gnu11;
				GCC_DYNAMIC_NO_PIC = NO;
				GCC_NO_COMMON_BLOCKS = YES;
				GCC_OPTIMIZATION_LEVEL = 0;
				GCC_PREPROCESSOR_DEFINITIONS = (
					"DEBUG=1",
					"$(inherited)",
				);
				GCC_WARN_64_TO_32_BIT_CONVERSION = YES;
				GCC_WARN_ABOUT_RETURN_TYPE = YES_ERROR;
				GCC_WARN_UNDECLARED_SELECTOR = YES;
				GCC_WARN_UNINITIALIZED_AUTOS = YES_AGGRESSIVE;
				GCC_WARN_UNUSED_FUNCTION = YES;
				GCC_WARN_UNUSED_VARIABLE = YES;
				MTL_ENABLE_DEBUG_INFO = INCLUDE_SOURCE;
				MTL_FAST_MATH = YES;
				ONLY_ACTIVE_ARCH = YES;
				SWIFT_ACTIVE_COMPILATION_CONDITIONS = DEBUG;
				SWIFT_OPTIMIZATION_LEVEL = "-Onone";
			};
			name = Debug;
		};
		6A958AA926A82699009717F7 /* Release */ = {
			isa = XCBuildConfiguration;
			buildSettings = {
				ALWAYS_SEARCH_USER_PATHS = NO;
				CLANG_ANALYZER_NONNULL = YES;
				CLANG_ANALYZER_NUMBER_OBJECT_CONVERSION = YES_AGGRESSIVE;
				CLANG_CXX_LANGUAGE_STANDARD = "gnu++14";
				CLANG_CXX_LIBRARY = "libc++";
				CLANG_ENABLE_MODULES = YES;
				CLANG_ENABLE_OBJC_ARC = YES;
				CLANG_ENABLE_OBJC_WEAK = YES;
				CLANG_WARN_BLOCK_CAPTURE_AUTORELEASING = YES;
				CLANG_WARN_BOOL_CONVERSION = YES;
				CLANG_WARN_COMMA = YES;
				CLANG_WARN_CONSTANT_CONVERSION = YES;
				CLANG_WARN_DEPRECATED_OBJC_IMPLEMENTATIONS = YES;
				CLANG_WARN_DIRECT_OBJC_ISA_USAGE = YES_ERROR;
				CLANG_WARN_DOCUMENTATION_COMMENTS = YES;
				CLANG_WARN_EMPTY_BODY = YES;
				CLANG_WARN_ENUM_CONVERSION = YES;
				CLANG_WARN_INFINITE_RECURSION = YES;
				CLANG_WARN_INT_CONVERSION = YES;
				CLANG_WARN_NON_LITERAL_NULL_CONVERSION = YES;
				CLANG_WARN_OBJC_IMPLICIT_RETAIN_SELF = YES;
				CLANG_WARN_OBJC_LITERAL_CONVERSION = YES;
				CLANG_WARN_OBJC_ROOT_CLASS = YES_ERROR;
				CLANG_WARN_QUOTED_INCLUDE_IN_FRAMEWORK_HEADER = YES;
				CLANG_WARN_RANGE_LOOP_ANALYSIS = YES;
				CLANG_WARN_STRICT_PROTOTYPES = YES;
				CLANG_WARN_SUSPICIOUS_MOVE = YES;
				CLANG_WARN_UNGUARDED_AVAILABILITY = YES_AGGRESSIVE;
				CLANG_WARN_UNREACHABLE_CODE = YES;
				CLANG_WARN__DUPLICATE_METHOD_MATCH = YES;
				COPY_PHASE_STRIP = NO;
				DEBUG_INFORMATION_FORMAT = "dwarf-with-dsym";
				ENABLE_NS_ASSERTIONS = NO;
				ENABLE_STRICT_OBJC_MSGSEND = YES;
				GCC_C_LANGUAGE_STANDARD = gnu11;
				GCC_NO_COMMON_BLOCKS = YES;
				GCC_WARN_64_TO_32_BIT_CONVERSION = YES;
				GCC_WARN_ABOUT_RETURN_TYPE = YES_ERROR;
				GCC_WARN_UNDECLARED_SELECTOR = YES;
				GCC_WARN_UNINITIALIZED_AUTOS = YES_AGGRESSIVE;
				GCC_WARN_UNUSED_FUNCTION = YES;
				GCC_WARN_UNUSED_VARIABLE = YES;
				MTL_ENABLE_DEBUG_INFO = NO;
				MTL_FAST_MATH = YES;
				SWIFT_COMPILATION_MODE = wholemodule;
				SWIFT_OPTIMIZATION_LEVEL = "-O";
			};
			name = Release;
		};
		6A958AAB26A82699009717F7 /* Debug */ = {
			isa = XCBuildConfiguration;
			buildSettings = {
				ASSETCATALOG_COMPILER_APPICON_NAME = AppIcon;
				ASSETCATALOG_COMPILER_GLOBAL_ACCENT_COLOR_NAME = AccentColor;
				CODE_SIGN_STYLE = Automatic;
				DEVELOPMENT_TEAM = ZL9396WK65;
				ENABLE_PREVIEWS = YES;
				INFOPLIST_FILE = iOS/Info.plist;
				IPHONEOS_DEPLOYMENT_TARGET = 14.0;
				LD_RUNPATH_SEARCH_PATHS = (
					"$(inherited)",
					"@executable_path/Frameworks",
				);
				PRODUCT_BUNDLE_IDENTIFIER = me.nathanfallet.DigiAnalytics;
				PRODUCT_NAME = DigiAnalytics;
				SDKROOT = iphoneos;
				SWIFT_VERSION = 5.0;
				TARGETED_DEVICE_FAMILY = "1,2";
			};
			name = Debug;
		};
		6A958AAC26A82699009717F7 /* Release */ = {
			isa = XCBuildConfiguration;
			buildSettings = {
				ASSETCATALOG_COMPILER_APPICON_NAME = AppIcon;
				ASSETCATALOG_COMPILER_GLOBAL_ACCENT_COLOR_NAME = AccentColor;
				CODE_SIGN_STYLE = Automatic;
				DEVELOPMENT_TEAM = ZL9396WK65;
				ENABLE_PREVIEWS = YES;
				INFOPLIST_FILE = iOS/Info.plist;
				IPHONEOS_DEPLOYMENT_TARGET = 14.0;
				LD_RUNPATH_SEARCH_PATHS = (
					"$(inherited)",
					"@executable_path/Frameworks",
				);
				PRODUCT_BUNDLE_IDENTIFIER = me.nathanfallet.DigiAnalytics;
				PRODUCT_NAME = DigiAnalytics;
				SDKROOT = iphoneos;
				SWIFT_VERSION = 5.0;
				TARGETED_DEVICE_FAMILY = "1,2";
				VALIDATE_PRODUCT = YES;
			};
			name = Release;
		};
		6A958AAE26A82699009717F7 /* Debug */ = {
			isa = XCBuildConfiguration;
			buildSettings = {
				ASSETCATALOG_COMPILER_APPICON_NAME = AppIcon;
				ASSETCATALOG_COMPILER_GLOBAL_ACCENT_COLOR_NAME = AccentColor;
				CODE_SIGN_ENTITLEMENTS = macOS/macOS.entitlements;
				CODE_SIGN_STYLE = Automatic;
				COMBINE_HIDPI_IMAGES = YES;
				DEVELOPMENT_TEAM = ZL9396WK65;
				ENABLE_HARDENED_RUNTIME = YES;
				ENABLE_PREVIEWS = YES;
				INFOPLIST_FILE = macOS/Info.plist;
				LD_RUNPATH_SEARCH_PATHS = (
					"$(inherited)",
					"@executable_path/../Frameworks",
				);
				MACOSX_DEPLOYMENT_TARGET = 11.0;
				PRODUCT_BUNDLE_IDENTIFIER = me.nathanfallet.DigiAnalytics;
				PRODUCT_NAME = DigiAnalytics;
				SDKROOT = macosx;
				SWIFT_VERSION = 5.0;
			};
			name = Debug;
		};
		6A958AAF26A82699009717F7 /* Release */ = {
			isa = XCBuildConfiguration;
			buildSettings = {
				ASSETCATALOG_COMPILER_APPICON_NAME = AppIcon;
				ASSETCATALOG_COMPILER_GLOBAL_ACCENT_COLOR_NAME = AccentColor;
				CODE_SIGN_ENTITLEMENTS = macOS/macOS.entitlements;
				CODE_SIGN_STYLE = Automatic;
				COMBINE_HIDPI_IMAGES = YES;
				DEVELOPMENT_TEAM = ZL9396WK65;
				ENABLE_HARDENED_RUNTIME = YES;
				ENABLE_PREVIEWS = YES;
				INFOPLIST_FILE = macOS/Info.plist;
				LD_RUNPATH_SEARCH_PATHS = (
					"$(inherited)",
					"@executable_path/../Frameworks",
				);
				MACOSX_DEPLOYMENT_TARGET = 11.0;
				PRODUCT_BUNDLE_IDENTIFIER = me.nathanfallet.DigiAnalytics;
				PRODUCT_NAME = DigiAnalytics;
				SDKROOT = macosx;
				SWIFT_VERSION = 5.0;
			};
			name = Release;
		};
/* End XCBuildConfiguration section */

/* Begin XCConfigurationList section */
		6A958A8D26A82695009717F7 /* Build configuration list for PBXProject "DigiAnalytics" */ = {
			isa = XCConfigurationList;
			buildConfigurations = (
				6A958AA826A82699009717F7 /* Debug */,
				6A958AA926A82699009717F7 /* Release */,
			);
			defaultConfigurationIsVisible = 0;
			defaultConfigurationName = Release;
		};
		6A958AAA26A82699009717F7 /* Build configuration list for PBXNativeTarget "DigiAnalytics (iOS)" */ = {
			isa = XCConfigurationList;
			buildConfigurations = (
				6A958AAB26A82699009717F7 /* Debug */,
				6A958AAC26A82699009717F7 /* Release */,
			);
			defaultConfigurationIsVisible = 0;
			defaultConfigurationName = Release;
		};
		6A958AAD26A82699009717F7 /* Build configuration list for PBXNativeTarget "DigiAnalytics (macOS)" */ = {
			isa = XCConfigurationList;
			buildConfigurations = (
				6A958AAE26A82699009717F7 /* Debug */,
				6A958AAF26A82699009717F7 /* Release */,
			);
			defaultConfigurationIsVisible = 0;
			defaultConfigurationName = Release;
		};
/* End XCConfigurationList section */

/* Begin XCRemoteSwiftPackageReference section */
		6A958AB026A8272B009717F7 /* XCRemoteSwiftPackageReference "APIRequest.swift" */ = {
			isa = XCRemoteSwiftPackageReference;
			repositoryURL = "https://github.com/GroupeMINASTE/APIRequest.swift.git";
			requirement = {
				kind = upToNextMajorVersion;
				minimumVersion = 1.3.3;
			};
		};
		6A958AB626A8277D009717F7 /* XCRemoteSwiftPackageReference "Keychain.swift" */ = {
			isa = XCRemoteSwiftPackageReference;
			repositoryURL = "https://github.com/GroupeMINASTE/Keychain.swift.git";
			requirement = {
				kind = upToNextMajorVersion;
				minimumVersion = 1.0.5;
			};
		};
		6A958AB926A827CA009717F7 /* XCRemoteSwiftPackageReference "ChartView" */ = {
			isa = XCRemoteSwiftPackageReference;
			repositoryURL = "https://github.com/AppPear/ChartView.git";
			requirement = {
				kind = upToNextMajorVersion;
				minimumVersion = 1.5.5;
			};
		};
/* End XCRemoteSwiftPackageReference section */

/* Begin XCSwiftPackageProductDependency section */
		6A958AB126A8272B009717F7 /* APIRequest */ = {
			isa = XCSwiftPackageProductDependency;
			package = 6A958AB026A8272B009717F7 /* XCRemoteSwiftPackageReference "APIRequest.swift" */;
			productName = APIRequest;
		};
		6A958AB726A8277D009717F7 /* Keychain */ = {
			isa = XCSwiftPackageProductDependency;
			package = 6A958AB626A8277D009717F7 /* XCRemoteSwiftPackageReference "Keychain.swift" */;
			productName = Keychain;
		};
		6A958ABA26A827CA009717F7 /* SwiftUICharts */ = {
			isa = XCSwiftPackageProductDependency;
			package = 6A958AB926A827CA009717F7 /* XCRemoteSwiftPackageReference "ChartView" */;
			productName = SwiftUICharts;
		};
		6A958ABD26A827DD009717F7 /* APIRequest */ = {
			isa = XCSwiftPackageProductDependency;
			package = 6A958AB026A8272B009717F7 /* XCRemoteSwiftPackageReference "APIRequest.swift" */;
			productName = APIRequest;
		};
		6A958AC126A827DD009717F7 /* Keychain */ = {
			isa = XCSwiftPackageProductDependency;
			package = 6A958AB626A8277D009717F7 /* XCRemoteSwiftPackageReference "Keychain.swift" */;
			productName = Keychain;
		};
		6A958AC326A827DD009717F7 /* SwiftUICharts */ = {
			isa = XCSwiftPackageProductDependency;
			package = 6A958AB926A827CA009717F7 /* XCRemoteSwiftPackageReference "ChartView" */;
			productName = SwiftUICharts;
		};
/* End XCSwiftPackageProductDependency section */
	};
	rootObject = 6A958A8A26A82695009717F7 /* Project object */;
}
